
Microsoft Visual Studio Solution File, Format Version 12.00
# Visual Studio 15
VisualStudioVersion = 15.0.26730.16
MinimumVisualStudioVersion = 10.0.40219.1
Project("{FAE04EC0-301F-11D3-BF4B-00C04F79EFBC}") = "CALCULATOR", "CALCULATOR\CALCULATOR.csproj", "{3215962F-4FC4-41A1-A436-E1F10CEE928E}"
EndProject
Global
	GlobalSection(SolutionConfigurationPlatforms) = preSolution
		Debug|Any CPU = Debug|Any CPU
		Release|Any CPU = Release|Any CPU
	EndGlobalSection
	GlobalSection(ProjectConfigurationPlatforms) = postSolution
		{3215962F-4FC4-41A1-A436-E1F10CEE928E}.Debug|Any CPU.ActiveCfg = Debug|Any CPU
		{3215962F-4FC4-41A1-A436-E1F10CEE928E}.Debug|Any CPU.Build.0 = Debug|Any CPU
		{3215962F-4FC4-41A1-A436-E1F10CEE928E}.Release|Any CPU.ActiveCfg = Release|Any CPU
		{3215962F-4FC4-41A1-A436-E1F10CEE928E}.Release|Any CPU.Build.0 = Release|Any CPU
	EndGlobalSection
	GlobalSection(SolutionProperties) = preSolution
		HideSolutionNode = FALSE
	EndGlobalSection
	GlobalSection(ExtensibilityGlobals) = postSolution
		SolutionGuid = {BE448D48-A529-4A7B-BAC5-E64C6C452176}
	EndGlobalSection
EndGlobal
